
Microsoft Visual Studio Solution File, Format Version 12.00
# Visual Studio Version 16
VisualStudioVersion = 16.0.30503.244
MinimumVisualStudioVersion = 10.0.40219.1
Project("{FAE04EC0-301F-11D3-BF4B-00C04F79EFBC}") = "OsloOS", "OsloOS.csproj", "{3DF4F4B1-6AC4-44AE-BC50-600275ED1DB5}"
EndProject
Global
	GlobalSection(SolutionConfigurationPlatforms) = preSolution
		Debug|Any CPU = Debug|Any CPU
		Release|Any CPU = Release|Any CPU
	EndGlobalSection
	GlobalSection(ProjectConfigurationPlatforms) = postSolution
		{3DF4F4B1-6AC4-44AE-BC50-600275ED1DB5}.Debug|Any CPU.ActiveCfg = Debug|Any CPU
		{3DF4F4B1-6AC4-44AE-BC50-600275ED1DB5}.Debug|Any CPU.Build.0 = Debug|Any CPU
		{3DF4F4B1-6AC4-44AE-BC50-600275ED1DB5}.Release|Any CPU.ActiveCfg = Release|Any CPU
		{3DF4F4B1-6AC4-44AE-BC50-600275ED1DB5}.Release|Any CPU.Build.0 = Release|Any CPU
	EndGlobalSection
	GlobalSection(SolutionProperties) = preSolution
		HideSolutionNode = FALSE
	EndGlobalSection
	GlobalSection(ExtensibilityGlobals) = postSolution
		SolutionGuid = {00BB5B11-9213-487D-80DB-ADB2AFDE5766}
	EndGlobalSection
EndGlobal
